<Solution>
  <Folder Name="/Solution Items/">
    <File Path="../.dockerignore" />
    <File Path="../.editorconfig" />
    <File Path="../.env" />
    <File Path="../.env.example" />
    <File Path="../.gitattributes" />
    <File Path="../.gitignore" />
    <File Path="../CLAUDE.md" />
    <File Path="../Directory.Build.props" />
    <File Path="../Directory.Build.targets" />
    <File Path="../docker-compose.yml" />
    <File Path="../Dockerfile" />
    <File Path="../README.md" />
  </Folder>
  <Project Path="../tests/DrangohtGames.Tests/DrangohtGames.Tests.csproj" />
  <Project Path="DrangohtGames.Web/DrangohtGames.Web.csproj" />
</Solution>
